
Microsoft Visual Studio Solution File, Format Version 12.00
# Visual Studio 15
VisualStudioVersion = 15.0.26730.16
MinimumVisualStudioVersion = 10.0.40219.1
Project("{FAE04EC0-301F-11D3-BF4B-00C04F79EFBC}") = "wowlauncher", "wowlauncher\wowlauncher.csproj", "{D69DFA53-D43D-4FFD-9203-954A1A55F74C}"
EndProject
Global
	GlobalSection(SolutionConfigurationPlatforms) = preSolution
		Debug|Any CPU = Debug|Any CPU
		Release|Any CPU = Release|Any CPU
	EndGlobalSection
	GlobalSection(ProjectConfigurationPlatforms) = postSolution
		{D69DFA53-D43D-4FFD-9203-954A1A55F74C}.Debug|Any CPU.ActiveCfg = Debug|Any CPU
		{D69DFA53-D43D-4FFD-9203-954A1A55F74C}.Debug|Any CPU.Build.0 = Debug|Any CPU
		{D69DFA53-D43D-4FFD-9203-954A1A55F74C}.Release|Any CPU.ActiveCfg = Release|Any CPU
		{D69DFA53-D43D-4FFD-9203-954A1A55F74C}.Release|Any CPU.Build.0 = Release|Any CPU
	EndGlobalSection
	GlobalSection(SolutionProperties) = preSolution
		HideSolutionNode = FALSE
	EndGlobalSection
	GlobalSection(ExtensibilityGlobals) = postSolution
		SolutionGuid = {F68CD72A-746C-460E-96A9-E5084F34B4D6}
	EndGlobalSection
EndGlobal
